
Microsoft Visual Studio Solution File, Format Version 12.00
# Visual Studio Version 17
VisualStudioVersion = 17.5.33516.290
MinimumVisualStudioVersion = 10.0.40219.1
Project("{FAE04EC0-301F-11D3-BF4B-00C04F79EFBC}") = "TradingBrokerEngine", "TradingBrokerEngine\TradingBrokerEngine.csproj", "{04A06A9A-078E-4D78-ACAA-D4CABE4D7474}"
EndProject
Global
	GlobalSection(SolutionConfigurationPlatforms) = preSolution
		Debug|Any CPU = Debug|Any CPU
		Release|Any CPU = Release|Any CPU
	EndGlobalSection
	GlobalSection(ProjectConfigurationPlatforms) = postSolution
		{04A06A9A-078E-4D78-ACAA-D4CABE4D7474}.Debug|Any CPU.ActiveCfg = Debug|Any CPU
		{04A06A9A-078E-4D78-ACAA-D4CABE4D7474}.Debug|Any CPU.Build.0 = Debug|Any CPU
		{04A06A9A-078E-4D78-ACAA-D4CABE4D7474}.Release|Any CPU.ActiveCfg = Release|Any CPU
		{04A06A9A-078E-4D78-ACAA-D4CABE4D7474}.Release|Any CPU.Build.0 = Release|Any CPU
	EndGlobalSection
	GlobalSection(SolutionProperties) = preSolution
		HideSolutionNode = FALSE
	EndGlobalSection
	GlobalSection(ExtensibilityGlobals) = postSolution
		SolutionGuid = {D53C0F4A-AF2A-4E96-82C9-27BBD086EE40}
	EndGlobalSection
EndGlobal
